// !$*UTF8*$!
{
	archiveVersion = 1;
	classes = {
	};
	objectVersion = 54;
	objects = {

/* Begin PBXBuildFile section */
		00E356F31AD99517003FC87E /* hackerkidTests.m in Sources */ = {isa = PBXBuildFile; fileRef = 00E356F21AD99517003FC87E /* hackerkidTests.m */; };
		13B07FBC1A68108700A75B9A /* AppDelegate.m in Sources */ = {isa = PBXBuildFile; fileRef = 13B07FB01A68108700A75B9A /* AppDelegate.m */; };
		13B07FBF1A68108700A75B9A /* Images.xcassets in Resources */ = {isa = PBXBuildFile; fileRef = 13B07FB51A68108700A75B9A /* Images.xcassets */; };
		13B07FC11A68108700A75B9A /* main.m in Sources */ = {isa = PBXBuildFile; fileRef = 13B07FB71A68108700A75B9A /* main.m */; };
		81AB9BB82411601600AC10FF /* LaunchScreen.storyboard in Resources */ = {isa = PBXBuildFile; fileRef = 81AB9BB72411601600AC10FF /* LaunchScreen.storyboard */; };
		CE9174E3F454231AE9128050 /* libPods-hackerkid-hackerkidTests.a in Frameworks */ = {isa = PBXBuildFile; fileRef = 55F0BA36E70935B1726DA7C0 /* libPods-hackerkid-hackerkidTests.a */; };
		F59D490351CD6D70C35FB277 /* libPods-hackerkid.a in Frameworks */ = {isa = PBXBuildFile; fileRef = ED105653D96ECCE8889701CF /* libPods-hackerkid.a */; };
		27CD503D24334B33940239C5 /* AveriaSansLibre-Bold.ttf in Resources */ = {isa = PBXBuildFile; fileRef = 7C5F0FE38BB34493B1A91BBA /* AveriaSansLibre-Bold.ttf */; };
		C26D736992364373855C8A51 /* AveriaSansLibre-BoldItalic.ttf in Resources */ = {isa = PBXBuildFile; fileRef = 8085733C1953444EBF85013E /* AveriaSansLibre-BoldItalic.ttf */; };
		B9CC418CDCD945F8B16CCC48 /* AveriaSansLibre-Italic.ttf in Resources */ = {isa = PBXBuildFile; fileRef = FBB759F702634C638804D8D2 /* AveriaSansLibre-Italic.ttf */; };
		8660C37110904F9FB115C2F7 /* AveriaSansLibre-Light.ttf in Resources */ = {isa = PBXBuildFile; fileRef = B9E65D4FBF50406AADBD47D4 /* AveriaSansLibre-Light.ttf */; };
		BCAF03C5EE114589BFDADACB /* AveriaSansLibre-LightItalic.ttf in Resources */ = {isa = PBXBuildFile; fileRef = 88F6AD44123C4E44B257C9AB /* AveriaSansLibre-LightItalic.ttf */; };
		975CFE81552941A68D118CCE /* AveriaSansLibre-Regular.ttf in Resources */ = {isa = PBXBuildFile; fileRef = D448A03FC4074BCC91CA8662 /* AveriaSansLibre-Regular.ttf */; };
		DDF3269FB1FD459EAC98E3F9 /* CoveredByYourGrace-Regular.ttf in Resources */ = {isa = PBXBuildFile; fileRef = A00CFA8215FB4A82BCCDC7FB /* CoveredByYourGrace-Regular.ttf */; };
		63950BDF2DD2400F9BDBF01F /* DancingScript-Bold.ttf in Resources */ = {isa = PBXBuildFile; fileRef = ED4322BB82A04FBE829BEF30 /* DancingScript-Bold.ttf */; };
		CCC78F28A57A428E80EDDFAB /* FredokaOne-Regular.ttf in Resources */ = {isa = PBXBuildFile; fileRef = 4DFF57850927485D9A3CED74 /* FredokaOne-Regular.ttf */; };
		B416C70ED42C42A0A1F3786B /* HomeSchool400.otf in Resources */ = {isa = PBXBuildFile; fileRef = C06B8355C58F4439AF030006 /* HomeSchool400.otf */; };
		05131DA4EF53409D8D915133 /* Lato-Black.ttf in Resources */ = {isa = PBXBuildFile; fileRef = 22DAD76313AE4D2983AE081B /* Lato-Black.ttf */; };
		7F10D675850E4C0B82B72651 /* Lato-Black.woff in Resources */ = {isa = PBXBuildFile; fileRef = 44E8539634074359AE3EDADA /* Lato-Black.woff */; };
		B926A984F7E443208A525F2C /* Lato-Black.woff2 in Resources */ = {isa = PBXBuildFile; fileRef = 386B5534610A4DC28E5A4F2B /* Lato-Black.woff2 */; };
		309CE1D0D9D74C56ADF9F7DA /* Lato-Bold.ttf in Resources */ = {isa = PBXBuildFile; fileRef = 7F44DA55F74747A7A0F2DE5F /* Lato-Bold.ttf */; };
		FA3320CFA03D432FA0CEBA0B /* Lato-Bold.woff in Resources */ = {isa = PBXBuildFile; fileRef = 1D28CAEB58194C53AD67A9C7 /* Lato-Bold.woff */; };
		0269807D1A004825A99E3ED4 /* Lato-Bold.woff2 in Resources */ = {isa = PBXBuildFile; fileRef = 30A8FA2464854847A519F003 /* Lato-Bold.woff2 */; };
		5A86F45136F24829B155EA45 /* Lato-Heavy.ttf in Resources */ = {isa = PBXBuildFile; fileRef = FC8422ED6D774854A266E63C /* Lato-Heavy.ttf */; };
		B5B7A1FC8B1E47849B5DFF08 /* Lato-Heavy.woff in Resources */ = {isa = PBXBuildFile; fileRef = 12B27464B1BF48C2A690D2DB /* Lato-Heavy.woff */; };
		E065AECADF8347E2814A38C0 /* Lato-Heavy.woff2 in Resources */ = {isa = PBXBuildFile; fileRef = B230B1DEBF7745BBB77C9F7D /* Lato-Heavy.woff2 */; };
		A91A07C5955A4754B862B22F /* Lato-Light.ttf in Resources */ = {isa = PBXBuildFile; fileRef = E08050ADC59449F7A275C6E9 /* Lato-Light.ttf */; };
		68D29F5D39914C1FB223684C /* Lato-Light.woff in Resources */ = {isa = PBXBuildFile; fileRef = 5C6E32B90FE94B1799191BD4 /* Lato-Light.woff */; };
		DF1E59911AE44F9A90802B34 /* Lato-Light.woff2 in Resources */ = {isa = PBXBuildFile; fileRef = 4DCEC2D9FFF3465D9D6F20F5 /* Lato-Light.woff2 */; };
		4DDDB470C1DC4A9C97B33B3E /* Lato-Medium.ttf in Resources */ = {isa = PBXBuildFile; fileRef = E0009A1A0A6A42B395919C3B /* Lato-Medium.ttf */; };
		2E450BBBC1C24C0992CE9643 /* Lato-Medium.woff in Resources */ = {isa = PBXBuildFile; fileRef = 5609F556E2754FF3B9DCFA0F /* Lato-Medium.woff */; };
		02E34C892DBB40458CC24CDE /* Lato-Medium.woff2 in Resources */ = {isa = PBXBuildFile; fileRef = 572D31DC05DE4D4DB4638006 /* Lato-Medium.woff2 */; };
		7DB23ABBBD37473288B40946 /* Lato-Regular.ttf in Resources */ = {isa = PBXBuildFile; fileRef = 1ECA04BFE17D4BA687E0D957 /* Lato-Regular.ttf */; };
		A5FB918528D04D728C9C8A86 /* Lato-Regular.woff in Resources */ = {isa = PBXBuildFile; fileRef = 549BCEBB1BAA4A2C83535323 /* Lato-Regular.woff */; };
		AEBC9BDAB77B497FA3033BCE /* Lato-Regular.woff2 in Resources */ = {isa = PBXBuildFile; fileRef = BCD97FC1EC104138826D844F /* Lato-Regular.woff2 */; };
		BBFD8A4593AE458D8DE55392 /* Lato-Semibold.ttf in Resources */ = {isa = PBXBuildFile; fileRef = 28B9A90111024EFFAC607025 /* Lato-Semibold.ttf */; };
		1BD7EAD219FB4DFF946A86FB /* Lato-Semibold.woff in Resources */ = {isa = PBXBuildFile; fileRef = 97EB37B371C049EC8DFE6120 /* Lato-Semibold.woff */; };
		5140092F2E5C4804A00C17DD /* Lato-Semibold.woff2 in Resources */ = {isa = PBXBuildFile; fileRef = 9792A663EA004B8094C584DD /* Lato-Semibold.woff2 */; };
		3A2593F69425471F8E810165 /* Raleway-Bold.ttf in Resources */ = {isa = PBXBuildFile; fileRef = D36762DBBBC344AFB40E06E1 /* Raleway-Bold.ttf */; };
		711481095D8E4E6EB297AF5B /* Raleway-Medium.ttf in Resources */ = {isa = PBXBuildFile; fileRef = 6E68BC24FA144D01AE13B48C /* Raleway-Medium.ttf */; };
		482C9FBFD6C845AA997422B6 /* Raleway-VariableFont_wght.ttf in Resources */ = {isa = PBXBuildFile; fileRef = 01C0D4C1986F48529633752E /* Raleway-VariableFont_wght.ttf */; };
		1BA2EFF37CB2423490A1BE49 /* AveriaSansLibre-Bold.woff in Resources */ = {isa = PBXBuildFile; fileRef = 5CB22C4B13224744B4BF2F03 /* AveriaSansLibre-Bold.woff */; };
		6B66FF176B2F489F9E87CE2B /* AveriaSansLibre-Bold.woff2 in Resources */ = {isa = PBXBuildFile; fileRef = 954F595908CE4CCF9EBF0FF4 /* AveriaSansLibre-Bold.woff2 */; };
		4268F6A57D4740868038744B /* AveriaSansLibre-Light.woff in Resources */ = {isa = PBXBuildFile; fileRef = C01C98B06F7F4FD0B345319D /* AveriaSansLibre-Light.woff */; };
		2609FC0ED6A243FA8469176F /* AveriaSansLibre-Light.woff2 in Resources */ = {isa = PBXBuildFile; fileRef = 6A97134C162242A5929DA351 /* AveriaSansLibre-Light.woff2 */; };
		DFC79D32D3074EBC843BE0C0 /* AveriaSansLibre-Regular.woff in Resources */ = {isa = PBXBuildFile; fileRef = 9EF1A1820E9A45D8974919FC /* AveriaSansLibre-Regular.woff */; };
		2E815E7F42C545FA971EE962 /* AveriaSansLibre-Regular.woff2 in Resources */ = {isa = PBXBuildFile; fileRef = 0B64A400F5854D1D9657E3D8 /* AveriaSansLibre-Regular.woff2 */; };
/* End PBXBuildFile section */

/* Begin PBXContainerItemProxy section */
		00E356F41AD99517003FC87E /* PBXContainerItemProxy */ = {
			isa = PBXContainerItemProxy;
			containerPortal = 83CBB9F71A601CBA00E9B192 /* Project object */;
			proxyType = 1;
			remoteGlobalIDString = 13B07F861A680F5B00A75B9A;
			remoteInfo = hackerkid;
		};
/* End PBXContainerItemProxy section */

/* Begin PBXFileReference section */
		00E356EE1AD99517003FC87E /* hackerkidTests.xctest */ = {isa = PBXFileReference; explicitFileType = wrapper.cfbundle; includeInIndex = 0; path = hackerkidTests.xctest; sourceTree = BUILT_PRODUCTS_DIR; };
		00E356F11AD99517003FC87E /* Info.plist */ = {isa = PBXFileReference; lastKnownFileType = text.plist.xml; path = Info.plist; sourceTree = "<group>"; };
		00E356F21AD99517003FC87E /* hackerkidTests.m */ = {isa = PBXFileReference; lastKnownFileType = sourcecode.c.objc; path = hackerkidTests.m; sourceTree = "<group>"; };
		06B4132D68D8133AE2703BED /* Pods-hackerkid.release.xcconfig */ = {isa = PBXFileReference; includeInIndex = 1; lastKnownFileType = text.xcconfig; name = "Pods-hackerkid.release.xcconfig"; path = "Target Support Files/Pods-hackerkid/Pods-hackerkid.release.xcconfig"; sourceTree = "<group>"; };
		13B07F961A680F5B00A75B9A /* hackerkid.app */ = {isa = PBXFileReference; explicitFileType = wrapper.application; includeInIndex = 0; path = hackerkid.app; sourceTree = BUILT_PRODUCTS_DIR; };
		13B07FAF1A68108700A75B9A /* AppDelegate.h */ = {isa = PBXFileReference; fileEncoding = 4; lastKnownFileType = sourcecode.c.h; name = AppDelegate.h; path = hackerkid/AppDelegate.h; sourceTree = "<group>"; };
		13B07FB01A68108700A75B9A /* AppDelegate.m */ = {isa = PBXFileReference; fileEncoding = 4; lastKnownFileType = sourcecode.c.objc; name = AppDelegate.m; path = hackerkid/AppDelegate.m; sourceTree = "<group>"; };
		13B07FB51A68108700A75B9A /* Images.xcassets */ = {isa = PBXFileReference; lastKnownFileType = folder.assetcatalog; name = Images.xcassets; path = hackerkid/Images.xcassets; sourceTree = "<group>"; };
		13B07FB61A68108700A75B9A /* Info.plist */ = {isa = PBXFileReference; fileEncoding = 4; lastKnownFileType = text.plist.xml; name = Info.plist; path = hackerkid/Info.plist; sourceTree = "<group>"; };
		13B07FB71A68108700A75B9A /* main.m */ = {isa = PBXFileReference; fileEncoding = 4; lastKnownFileType = sourcecode.c.objc; name = main.m; path = hackerkid/main.m; sourceTree = "<group>"; };
		55F0BA36E70935B1726DA7C0 /* libPods-hackerkid-hackerkidTests.a */ = {isa = PBXFileReference; explicitFileType = archive.ar; includeInIndex = 0; path = "libPods-hackerkid-hackerkidTests.a"; sourceTree = BUILT_PRODUCTS_DIR; };
		79CD5D17B760C868C7174FE6 /* Pods-hackerkid-hackerkidTests.debug.xcconfig */ = {isa = PBXFileReference; includeInIndex = 1; lastKnownFileType = text.xcconfig; name = "Pods-hackerkid-hackerkidTests.debug.xcconfig"; path = "Target Support Files/Pods-hackerkid-hackerkidTests/Pods-hackerkid-hackerkidTests.debug.xcconfig"; sourceTree = "<group>"; };
		81AB9BB72411601600AC10FF /* LaunchScreen.storyboard */ = {isa = PBXFileReference; fileEncoding = 4; lastKnownFileType = file.storyboard; name = LaunchScreen.storyboard; path = hackerkid/LaunchScreen.storyboard; sourceTree = "<group>"; };
		B965992F624DEF6B067835F1 /* Pods-hackerkid.debug.xcconfig */ = {isa = PBXFileReference; includeInIndex = 1; lastKnownFileType = text.xcconfig; name = "Pods-hackerkid.debug.xcconfig"; path = "Target Support Files/Pods-hackerkid/Pods-hackerkid.debug.xcconfig"; sourceTree = "<group>"; };
		EAFC168BBAB5D40FAF44BB33 /* Pods-hackerkid-hackerkidTests.release.xcconfig */ = {isa = PBXFileReference; includeInIndex = 1; lastKnownFileType = text.xcconfig; name = "Pods-hackerkid-hackerkidTests.release.xcconfig"; path = "Target Support Files/Pods-hackerkid-hackerkidTests/Pods-hackerkid-hackerkidTests.release.xcconfig"; sourceTree = "<group>"; };
		ED105653D96ECCE8889701CF /* libPods-hackerkid.a */ = {isa = PBXFileReference; explicitFileType = archive.ar; includeInIndex = 0; path = "libPods-hackerkid.a"; sourceTree = BUILT_PRODUCTS_DIR; };
		ED297162215061F000B7C4FE /* JavaScriptCore.framework */ = {isa = PBXFileReference; lastKnownFileType = wrapper.framework; name = JavaScriptCore.framework; path = System/Library/Frameworks/JavaScriptCore.framework; sourceTree = SDKROOT; };
		7C5F0FE38BB34493B1A91BBA /* AveriaSansLibre-Bold.ttf */ = {isa = PBXFileReference; name = "AveriaSansLibre-Bold.ttf"; path = "../src/fonts/AveriaSansLibre-Bold.ttf"; sourceTree = "<group>"; fileEncoding = undefined; lastKnownFileType = unknown; explicitFileType = undefined; includeInIndex = 0; };
		8085733C1953444EBF85013E /* AveriaSansLibre-BoldItalic.ttf */ = {isa = PBXFileReference; name = "AveriaSansLibre-BoldItalic.ttf"; path = "../src/fonts/AveriaSansLibre-BoldItalic.ttf"; sourceTree = "<group>"; fileEncoding = undefined; lastKnownFileType = unknown; explicitFileType = undefined; includeInIndex = 0; };
		FBB759F702634C638804D8D2 /* AveriaSansLibre-Italic.ttf */ = {isa = PBXFileReference; name = "AveriaSansLibre-Italic.ttf"; path = "../src/fonts/AveriaSansLibre-Italic.ttf"; sourceTree = "<group>"; fileEncoding = undefined; lastKnownFileType = unknown; explicitFileType = undefined; includeInIndex = 0; };
		B9E65D4FBF50406AADBD47D4 /* AveriaSansLibre-Light.ttf */ = {isa = PBXFileReference; name = "AveriaSansLibre-Light.ttf"; path = "../src/fonts/AveriaSansLibre-Light.ttf"; sourceTree = "<group>"; fileEncoding = undefined; lastKnownFileType = unknown; explicitFileType = undefined; includeInIndex = 0; };
		88F6AD44123C4E44B257C9AB /* AveriaSansLibre-LightItalic.ttf */ = {isa = PBXFileReference; name = "AveriaSansLibre-LightItalic.ttf"; path = "../src/fonts/AveriaSansLibre-LightItalic.ttf"; sourceTree = "<group>"; fileEncoding = undefined; lastKnownFileType = unknown; explicitFileType = undefined; includeInIndex = 0; };
		D448A03FC4074BCC91CA8662 /* AveriaSansLibre-Regular.ttf */ = {isa = PBXFileReference; name = "AveriaSansLibre-Regular.ttf"; path = "../src/fonts/AveriaSansLibre-Regular.ttf"; sourceTree = "<group>"; fileEncoding = undefined; lastKnownFileType = unknown; explicitFileType = undefined; includeInIndex = 0; };
		A00CFA8215FB4A82BCCDC7FB /* CoveredByYourGrace-Regular.ttf */ = {isa = PBXFileReference; name = "CoveredByYourGrace-Regular.ttf"; path = "../src/fonts/CoveredByYourGrace-Regular.ttf"; sourceTree = "<group>"; fileEncoding = undefined; lastKnownFileType = unknown; explicitFileType = undefined; includeInIndex = 0; };
		ED4322BB82A04FBE829BEF30 /* DancingScript-Bold.ttf */ = {isa = PBXFileReference; name = "DancingScript-Bold.ttf"; path = "../src/fonts/DancingScript-Bold.ttf"; sourceTree = "<group>"; fileEncoding = undefined; lastKnownFileType = unknown; explicitFileType = undefined; includeInIndex = 0; };
		4DFF57850927485D9A3CED74 /* FredokaOne-Regular.ttf */ = {isa = PBXFileReference; name = "FredokaOne-Regular.ttf"; path = "../src/fonts/FredokaOne-Regular.ttf"; sourceTree = "<group>"; fileEncoding = undefined; lastKnownFileType = unknown; explicitFileType = undefined; includeInIndex = 0; };
		C06B8355C58F4439AF030006 /* HomeSchool400.otf */ = {isa = PBXFileReference; name = "HomeSchool400.otf"; path = "../src/fonts/HomeSchool400.otf"; sourceTree = "<group>"; fileEncoding = undefined; lastKnownFileType = unknown; explicitFileType = undefined; includeInIndex = 0; };
		22DAD76313AE4D2983AE081B /* Lato-Black.ttf */ = {isa = PBXFileReference; name = "Lato-Black.ttf"; path = "../src/fonts/Lato-Black.ttf"; sourceTree = "<group>"; fileEncoding = undefined; lastKnownFileType = unknown; explicitFileType = undefined; includeInIndex = 0; };
		44E8539634074359AE3EDADA /* Lato-Black.woff */ = {isa = PBXFileReference; name = "Lato-Black.woff"; path = "../src/fonts/Lato-Black.woff"; sourceTree = "<group>"; fileEncoding = undefined; lastKnownFileType = unknown; explicitFileType = undefined; includeInIndex = 0; };
		386B5534610A4DC28E5A4F2B /* Lato-Black.woff2 */ = {isa = PBXFileReference; name = "Lato-Black.woff2"; path = "../src/fonts/Lato-Black.woff2"; sourceTree = "<group>"; fileEncoding = undefined; lastKnownFileType = unknown; explicitFileType = undefined; includeInIndex = 0; };
		7F44DA55F74747A7A0F2DE5F /* Lato-Bold.ttf */ = {isa = PBXFileReference; name = "Lato-Bold.ttf"; path = "../src/fonts/Lato-Bold.ttf"; sourceTree = "<group>"; fileEncoding = undefined; lastKnownFileType = unknown; explicitFileType = undefined; includeInIndex = 0; };
		1D28CAEB58194C53AD67A9C7 /* Lato-Bold.woff */ = {isa = PBXFileReference; name = "Lato-Bold.woff"; path = "../src/fonts/Lato-Bold.woff"; sourceTree = "<group>"; fileEncoding = undefined; lastKnownFileType = unknown; explicitFileType = undefined; includeInIndex = 0; };
		30A8FA2464854847A519F003 /* Lato-Bold.woff2 */ = {isa = PBXFileReference; name = "Lato-Bold.woff2"; path = "../src/fonts/Lato-Bold.woff2"; sourceTree = "<group>"; fileEncoding = undefined; lastKnownFileType = unknown; explicitFileType = undefined; includeInIndex = 0; };
		FC8422ED6D774854A266E63C /* Lato-Heavy.ttf */ = {isa = PBXFileReference; name = "Lato-Heavy.ttf"; path = "../src/fonts/Lato-Heavy.ttf"; sourceTree = "<group>"; fileEncoding = undefined; lastKnownFileType = unknown; explicitFileType = undefined; includeInIndex = 0; };
		12B27464B1BF48C2A690D2DB /* Lato-Heavy.woff */ = {isa = PBXFileReference; name = "Lato-Heavy.woff"; path = "../src/fonts/Lato-Heavy.woff"; sourceTree = "<group>"; fileEncoding = undefined; lastKnownFileType = unknown; explicitFileType = undefined; includeInIndex = 0; };
		B230B1DEBF7745BBB77C9F7D /* Lato-Heavy.woff2 */ = {isa = PBXFileReference; name = "Lato-Heavy.woff2"; path = "../src/fonts/Lato-Heavy.woff2"; sourceTree = "<group>"; fileEncoding = undefined; lastKnownFileType = unknown; explicitFileType = undefined; includeInIndex = 0; };
		E08050ADC59449F7A275C6E9 /* Lato-Light.ttf */ = {isa = PBXFileReference; name = "Lato-Light.ttf"; path = "../src/fonts/Lato-Light.ttf"; sourceTree = "<group>"; fileEncoding = undefined; lastKnownFileType = unknown; explicitFileType = undefined; includeInIndex = 0; };
		5C6E32B90FE94B1799191BD4 /* Lato-Light.woff */ = {isa = PBXFileReference; name = "Lato-Light.woff"; path = "../src/fonts/Lato-Light.woff"; sourceTree = "<group>"; fileEncoding = undefined; lastKnownFileType = unknown; explicitFileType = undefined; includeInIndex = 0; };
		4DCEC2D9FFF3465D9D6F20F5 /* Lato-Light.woff2 */ = {isa = PBXFileReference; name = "Lato-Light.woff2"; path = "../src/fonts/Lato-Light.woff2"; sourceTree = "<group>"; fileEncoding = undefined; lastKnownFileType = unknown; explicitFileType = undefined; includeInIndex = 0; };
		E0009A1A0A6A42B395919C3B /* Lato-Medium.ttf */ = {isa = PBXFileReference; name = "Lato-Medium.ttf"; path = "../src/fonts/Lato-Medium.ttf"; sourceTree = "<group>"; fileEncoding = undefined; lastKnownFileType = unknown; explicitFileType = undefined; includeInIndex = 0; };
		5609F556E2754FF3B9DCFA0F /* Lato-Medium.woff */ = {isa = PBXFileReference; name = "Lato-Medium.woff"; path = "../src/fonts/Lato-Medium.woff"; sourceTree = "<group>"; fileEncoding = undefined; lastKnownFileType = unknown; explicitFileType = undefined; includeInIndex = 0; };
		572D31DC05DE4D4DB4638006 /* Lato-Medium.woff2 */ = {isa = PBXFileReference; name = "Lato-Medium.woff2"; path = "../src/fonts/Lato-Medium.woff2"; sourceTree = "<group>"; fileEncoding = undefined; lastKnownFileType = unknown; explicitFileType = undefined; includeInIndex = 0; };
		1ECA04BFE17D4BA687E0D957 /* Lato-Regular.ttf */ = {isa = PBXFileReference; name = "Lato-Regular.ttf"; path = "../src/fonts/Lato-Regular.ttf"; sourceTree = "<group>"; fileEncoding = undefined; lastKnownFileType = unknown; explicitFileType = undefined; includeInIndex = 0; };
		549BCEBB1BAA4A2C83535323 /* Lato-Regular.woff */ = {isa = PBXFileReference; name = "Lato-Regular.woff"; path = "../src/fonts/Lato-Regular.woff"; sourceTree = "<group>"; fileEncoding = undefined; lastKnownFileType = unknown; explicitFileType = undefined; includeInIndex = 0; };
		BCD97FC1EC104138826D844F /* Lato-Regular.woff2 */ = {isa = PBXFileReference; name = "Lato-Regular.woff2"; path = "../src/fonts/Lato-Regular.woff2"; sourceTree = "<group>"; fileEncoding = undefined; lastKnownFileType = unknown; explicitFileType = undefined; includeInIndex = 0; };
		28B9A90111024EFFAC607025 /* Lato-Semibold.ttf */ = {isa = PBXFileReference; name = "Lato-Semibold.ttf"; path = "../src/fonts/Lato-Semibold.ttf"; sourceTree = "<group>"; fileEncoding = undefined; lastKnownFileType = unknown; explicitFileType = undefined; includeInIndex = 0; };
		97EB37B371C049EC8DFE6120 /* Lato-Semibold.woff */ = {isa = PBXFileReference; name = "Lato-Semibold.woff"; path = "../src/fonts/Lato-Semibold.woff"; sourceTree = "<group>"; fileEncoding = undefined; lastKnownFileType = unknown; explicitFileType = undefined; includeInIndex = 0; };
		9792A663EA004B8094C584DD /* Lato-Semibold.woff2 */ = {isa = PBXFileReference; name = "Lato-Semibold.woff2"; path = "../src/fonts/Lato-Semibold.woff2"; sourceTree = "<group>"; fileEncoding = undefined; lastKnownFileType = unknown; explicitFileType = undefined; includeInIndex = 0; };
		D36762DBBBC344AFB40E06E1 /* Raleway-Bold.ttf */ = {isa = PBXFileReference; name = "Raleway-Bold.ttf"; path = "../src/fonts/Raleway-Bold.ttf"; sourceTree = "<group>"; fileEncoding = undefined; lastKnownFileType = unknown; explicitFileType = undefined; includeInIndex = 0; };
		6E68BC24FA144D01AE13B48C /* Raleway-Medium.ttf */ = {isa = PBXFileReference; name = "Raleway-Medium.ttf"; path = "../src/fonts/Raleway-Medium.ttf"; sourceTree = "<group>"; fileEncoding = undefined; lastKnownFileType = unknown; explicitFileType = undefined; includeInIndex = 0; };
		01C0D4C1986F48529633752E /* Raleway-VariableFont_wght.ttf */ = {isa = PBXFileReference; name = "Raleway-VariableFont_wght.ttf"; path = "../src/fonts/Raleway-VariableFont_wght.ttf"; sourceTree = "<group>"; fileEncoding = undefined; lastKnownFileType = unknown; explicitFileType = undefined; includeInIndex = 0; };
		5CB22C4B13224744B4BF2F03 /* AveriaSansLibre-Bold.woff */ = {isa = PBXFileReference; name = "AveriaSansLibre-Bold.woff"; path = "../src/fonts/AveriaSansLibre-Bold.woff"; sourceTree = "<group>"; fileEncoding = undefined; lastKnownFileType = unknown; explicitFileType = undefined; includeInIndex = 0; };
		954F595908CE4CCF9EBF0FF4 /* AveriaSansLibre-Bold.woff2 */ = {isa = PBXFileReference; name = "AveriaSansLibre-Bold.woff2"; path = "../src/fonts/AveriaSansLibre-Bold.woff2"; sourceTree = "<group>"; fileEncoding = undefined; lastKnownFileType = unknown; explicitFileType = undefined; includeInIndex = 0; };
		C01C98B06F7F4FD0B345319D /* AveriaSansLibre-Light.woff */ = {isa = PBXFileReference; name = "AveriaSansLibre-Light.woff"; path = "../src/fonts/AveriaSansLibre-Light.woff"; sourceTree = "<group>"; fileEncoding = undefined; lastKnownFileType = unknown; explicitFileType = undefined; includeInIndex = 0; };
		6A97134C162242A5929DA351 /* AveriaSansLibre-Light.woff2 */ = {isa = PBXFileReference; name = "AveriaSansLibre-Light.woff2"; path = "../src/fonts/AveriaSansLibre-Light.woff2"; sourceTree = "<group>"; fileEncoding = undefined; lastKnownFileType = unknown; explicitFileType = undefined; includeInIndex = 0; };
		9EF1A1820E9A45D8974919FC /* AveriaSansLibre-Regular.woff */ = {isa = PBXFileReference; name = "AveriaSansLibre-Regular.woff"; path = "../src/fonts/AveriaSansLibre-Regular.woff"; sourceTree = "<group>"; fileEncoding = undefined; lastKnownFileType = unknown; explicitFileType = undefined; includeInIndex = 0; };
		0B64A400F5854D1D9657E3D8 /* AveriaSansLibre-Regular.woff2 */ = {isa = PBXFileReference; name = "AveriaSansLibre-Regular.woff2"; path = "../src/fonts/AveriaSansLibre-Regular.woff2"; sourceTree = "<group>"; fileEncoding = undefined; lastKnownFileType = unknown; explicitFileType = undefined; includeInIndex = 0; };
/* End PBXFileReference section */

/* Begin PBXFrameworksBuildPhase section */
		00E356EB1AD99517003FC87E /* Frameworks */ = {
			isa = PBXFrameworksBuildPhase;
			buildActionMask = 2147483647;
			files = (
				CE9174E3F454231AE9128050 /* libPods-hackerkid-hackerkidTests.a in Frameworks */,
			);
			runOnlyForDeploymentPostprocessing = 0;
		};
		13B07F8C1A680F5B00A75B9A /* Frameworks */ = {
			isa = PBXFrameworksBuildPhase;
			buildActionMask = 2147483647;
			files = (
				F59D490351CD6D70C35FB277 /* libPods-hackerkid.a in Frameworks */,
			);
			runOnlyForDeploymentPostprocessing = 0;
		};
/* End PBXFrameworksBuildPhase section */

/* Begin PBXGroup section */
		00E356EF1AD99517003FC87E /* hackerkidTests */ = {
			isa = PBXGroup;
			children = (
				00E356F21AD99517003FC87E /* hackerkidTests.m */,
				00E356F01AD99517003FC87E /* Supporting Files */,
			);
			path = hackerkidTests;
			sourceTree = "<group>";
		};
		00E356F01AD99517003FC87E /* Supporting Files */ = {
			isa = PBXGroup;
			children = (
				00E356F11AD99517003FC87E /* Info.plist */,
			);
			name = "Supporting Files";
			sourceTree = "<group>";
		};
		129ABC24981583143060C45A /* Pods */ = {
			isa = PBXGroup;
			children = (
				B965992F624DEF6B067835F1 /* Pods-hackerkid.debug.xcconfig */,
				06B4132D68D8133AE2703BED /* Pods-hackerkid.release.xcconfig */,
				79CD5D17B760C868C7174FE6 /* Pods-hackerkid-hackerkidTests.debug.xcconfig */,
				EAFC168BBAB5D40FAF44BB33 /* Pods-hackerkid-hackerkidTests.release.xcconfig */,
			);
			name = Pods;
			path = Pods;
			sourceTree = "<group>";
		};
		13B07FAE1A68108700A75B9A /* hackerkid */ = {
			isa = PBXGroup;
			children = (
				13B07FAF1A68108700A75B9A /* AppDelegate.h */,
				13B07FB01A68108700A75B9A /* AppDelegate.m */,
				13B07FB51A68108700A75B9A /* Images.xcassets */,
				13B07FB61A68108700A75B9A /* Info.plist */,
				81AB9BB72411601600AC10FF /* LaunchScreen.storyboard */,
				13B07FB71A68108700A75B9A /* main.m */,
			);
			name = hackerkid;
			sourceTree = "<group>";
		};
		2D16E6871FA4F8E400B85C8A /* Frameworks */ = {
			isa = PBXGroup;
			children = (
				ED297162215061F000B7C4FE /* JavaScriptCore.framework */,
				ED105653D96ECCE8889701CF /* libPods-hackerkid.a */,
				55F0BA36E70935B1726DA7C0 /* libPods-hackerkid-hackerkidTests.a */,
			);
			name = Frameworks;
			sourceTree = "<group>";
		};
		832341AE1AAA6A7D00B99B32 /* Libraries */ = {
			isa = PBXGroup;
			children = (
			);
			name = Libraries;
			sourceTree = "<group>";
		};
		83CBB9F61A601CBA00E9B192 = {
			isa = PBXGroup;
			children = (
				13B07FAE1A68108700A75B9A /* hackerkid */,
				832341AE1AAA6A7D00B99B32 /* Libraries */,
				00E356EF1AD99517003FC87E /* hackerkidTests */,
				83CBBA001A601CBA00E9B192 /* Products */,
				2D16E6871FA4F8E400B85C8A /* Frameworks */,
				129ABC24981583143060C45A /* Pods */,
				CA499086FFBA4A00BE8B02CE /* Resources */,
			);
			indentWidth = 2;
			sourceTree = "<group>";
			tabWidth = 2;
			usesTabs = 0;
		};
		83CBBA001A601CBA00E9B192 /* Products */ = {
			isa = PBXGroup;
			children = (
				13B07F961A680F5B00A75B9A /* hackerkid.app */,
				00E356EE1AD99517003FC87E /* hackerkidTests.xctest */,
			);
			name = Products;
			sourceTree = "<group>";
		};
		CA499086FFBA4A00BE8B02CE /* Resources */ = {
			isa = "PBXGroup";
			children = (
				7C5F0FE38BB34493B1A91BBA /* AveriaSansLibre-Bold.ttf */,
				8085733C1953444EBF85013E /* AveriaSansLibre-BoldItalic.ttf */,
				FBB759F702634C638804D8D2 /* AveriaSansLibre-Italic.ttf */,
				B9E65D4FBF50406AADBD47D4 /* AveriaSansLibre-Light.ttf */,
				88F6AD44123C4E44B257C9AB /* AveriaSansLibre-LightItalic.ttf */,
				D448A03FC4074BCC91CA8662 /* AveriaSansLibre-Regular.ttf */,
				A00CFA8215FB4A82BCCDC7FB /* CoveredByYourGrace-Regular.ttf */,
				ED4322BB82A04FBE829BEF30 /* DancingScript-Bold.ttf */,
				4DFF57850927485D9A3CED74 /* FredokaOne-Regular.ttf */,
				C06B8355C58F4439AF030006 /* HomeSchool400.otf */,
				22DAD76313AE4D2983AE081B /* Lato-Black.ttf */,
				44E8539634074359AE3EDADA /* Lato-Black.woff */,
				386B5534610A4DC28E5A4F2B /* Lato-Black.woff2 */,
				7F44DA55F74747A7A0F2DE5F /* Lato-Bold.ttf */,
				1D28CAEB58194C53AD67A9C7 /* Lato-Bold.woff */,
				30A8FA2464854847A519F003 /* Lato-Bold.woff2 */,
				FC8422ED6D774854A266E63C /* Lato-Heavy.ttf */,
				12B27464B1BF48C2A690D2DB /* Lato-Heavy.woff */,
				B230B1DEBF7745BBB77C9F7D /* Lato-Heavy.woff2 */,
				E08050ADC59449F7A275C6E9 /* Lato-Light.ttf */,
				5C6E32B90FE94B1799191BD4 /* Lato-Light.woff */,
				4DCEC2D9FFF3465D9D6F20F5 /* Lato-Light.woff2 */,
				E0009A1A0A6A42B395919C3B /* Lato-Medium.ttf */,
				5609F556E2754FF3B9DCFA0F /* Lato-Medium.woff */,
				572D31DC05DE4D4DB4638006 /* Lato-Medium.woff2 */,
				1ECA04BFE17D4BA687E0D957 /* Lato-Regular.ttf */,
				549BCEBB1BAA4A2C83535323 /* Lato-Regular.woff */,
				BCD97FC1EC104138826D844F /* Lato-Regular.woff2 */,
				28B9A90111024EFFAC607025 /* Lato-Semibold.ttf */,
				97EB37B371C049EC8DFE6120 /* Lato-Semibold.woff */,
				9792A663EA004B8094C584DD /* Lato-Semibold.woff2 */,
				D36762DBBBC344AFB40E06E1 /* Raleway-Bold.ttf */,
				6E68BC24FA144D01AE13B48C /* Raleway-Medium.ttf */,
				01C0D4C1986F48529633752E /* Raleway-VariableFont_wght.ttf */,
				5CB22C4B13224744B4BF2F03 /* AveriaSansLibre-Bold.woff */,
				954F595908CE4CCF9EBF0FF4 /* AveriaSansLibre-Bold.woff2 */,
				C01C98B06F7F4FD0B345319D /* AveriaSansLibre-Light.woff */,
				6A97134C162242A5929DA351 /* AveriaSansLibre-Light.woff2 */,
				9EF1A1820E9A45D8974919FC /* AveriaSansLibre-Regular.woff */,
				0B64A400F5854D1D9657E3D8 /* AveriaSansLibre-Regular.woff2 */,
			);
			name = Resources;
			sourceTree = "<group>";
			path = "";
		};
/* End PBXGroup section */

/* Begin PBXNativeTarget section */
		00E356ED1AD99517003FC87E /* hackerkidTests */ = {
			isa = PBXNativeTarget;
			buildConfigurationList = 00E357021AD99517003FC87E /* Build configuration list for PBXNativeTarget "hackerkidTests" */;
			buildPhases = (
				5644A6CA5883E20C5D8D2B5E /* [CP] Check Pods Manifest.lock */,
				00E356EA1AD99517003FC87E /* Sources */,
				00E356EB1AD99517003FC87E /* Frameworks */,
				00E356EC1AD99517003FC87E /* Resources */,
				99BFCE93A1DE1141F1D482E5 /* [CP] Embed Pods Frameworks */,
				FAF8A2E03F8154E5909AC2EF /* [CP] Copy Pods Resources */,
			);
			buildRules = (
			);
			dependencies = (
				00E356F51AD99517003FC87E /* PBXTargetDependency */,
			);
			name = hackerkidTests;
			productName = hackerkidTests;
			productReference = 00E356EE1AD99517003FC87E /* hackerkidTests.xctest */;
			productType = "com.apple.product-type.bundle.unit-test";
		};
		13B07F861A680F5B00A75B9A /* hackerkid */ = {
			isa = PBXNativeTarget;
			buildConfigurationList = 13B07F931A680F5B00A75B9A /* Build configuration list for PBXNativeTarget "hackerkid" */;
			buildPhases = (
				79E3FE580B5364A945128A0E /* [CP] Check Pods Manifest.lock */,
				FD10A7F022414F080027D42C /* Start Packager */,
				13B07F871A680F5B00A75B9A /* Sources */,
				13B07F8C1A680F5B00A75B9A /* Frameworks */,
				13B07F8E1A680F5B00A75B9A /* Resources */,
				00DD1BFF1BD5951E006B06BC /* Bundle React Native code and images */,
				C7DD5A09215A223C5CCB951F /* [CP] Embed Pods Frameworks */,
				58C680FD29336E3185862690 /* [CP] Copy Pods Resources */,
			);
			buildRules = (
			);
			dependencies = (
			);
			name = hackerkid;
			productName = hackerkid;
			productReference = 13B07F961A680F5B00A75B9A /* hackerkid.app */;
			productType = "com.apple.product-type.application";
		};
/* End PBXNativeTarget section */

/* Begin PBXProject section */
		83CBB9F71A601CBA00E9B192 /* Project object */ = {
			isa = PBXProject;
			attributes = {
				LastUpgradeCheck = 1210;
				TargetAttributes = {
					00E356ED1AD99517003FC87E = {
						CreatedOnToolsVersion = 6.2;
						TestTargetID = 13B07F861A680F5B00A75B9A;
					};
					13B07F861A680F5B00A75B9A = {
						LastSwiftMigration = 1120;
					};
				};
			};
			buildConfigurationList = 83CBB9FA1A601CBA00E9B192 /* Build configuration list for PBXProject "hackerkid" */;
			compatibilityVersion = "Xcode 12.0";
			developmentRegion = en;
			hasScannedForEncodings = 0;
			knownRegions = (
				en,
				Base,
			);
			mainGroup = 83CBB9F61A601CBA00E9B192;
			productRefGroup = 83CBBA001A601CBA00E9B192 /* Products */;
			projectDirPath = "";
			projectRoot = "";
			targets = (
				13B07F861A680F5B00A75B9A /* hackerkid */,
				00E356ED1AD99517003FC87E /* hackerkidTests */,
			);
		};
/* End PBXProject section */

/* Begin PBXResourcesBuildPhase section */
		00E356EC1AD99517003FC87E /* Resources */ = {
			isa = PBXResourcesBuildPhase;
			buildActionMask = 2147483647;
			files = (
			);
			runOnlyForDeploymentPostprocessing = 0;
		};
		13B07F8E1A680F5B00A75B9A /* Resources */ = {
			isa = PBXResourcesBuildPhase;
			buildActionMask = 2147483647;
			files = (
				81AB9BB82411601600AC10FF /* LaunchScreen.storyboard in Resources */,
				13B07FBF1A68108700A75B9A /* Images.xcassets in Resources */,
				27CD503D24334B33940239C5 /* AveriaSansLibre-Bold.ttf in Resources */,
				C26D736992364373855C8A51 /* AveriaSansLibre-BoldItalic.ttf in Resources */,
				B9CC418CDCD945F8B16CCC48 /* AveriaSansLibre-Italic.ttf in Resources */,
				8660C37110904F9FB115C2F7 /* AveriaSansLibre-Light.ttf in Resources */,
				BCAF03C5EE114589BFDADACB /* AveriaSansLibre-LightItalic.ttf in Resources */,
				975CFE81552941A68D118CCE /* AveriaSansLibre-Regular.ttf in Resources */,
				DDF3269FB1FD459EAC98E3F9 /* CoveredByYourGrace-Regular.ttf in Resources */,
				63950BDF2DD2400F9BDBF01F /* DancingScript-Bold.ttf in Resources */,
				CCC78F28A57A428E80EDDFAB /* FredokaOne-Regular.ttf in Resources */,
				B416C70ED42C42A0A1F3786B /* HomeSchool400.otf in Resources */,
				05131DA4EF53409D8D915133 /* Lato-Black.ttf in Resources */,
				7F10D675850E4C0B82B72651 /* Lato-Black.woff in Resources */,
				B926A984F7E443208A525F2C /* Lato-Black.woff2 in Resources */,
				309CE1D0D9D74C56ADF9F7DA /* Lato-Bold.ttf in Resources */,
				FA3320CFA03D432FA0CEBA0B /* Lato-Bold.woff in Resources */,
				0269807D1A004825A99E3ED4 /* Lato-Bold.woff2 in Resources */,
				5A86F45136F24829B155EA45 /* Lato-Heavy.ttf in Resources */,
				B5B7A1FC8B1E47849B5DFF08 /* Lato-Heavy.woff in Resources */,
				E065AECADF8347E2814A38C0 /* Lato-Heavy.woff2 in Resources */,
				A91A07C5955A4754B862B22F /* Lato-Light.ttf in Resources */,
				68D29F5D39914C1FB223684C /* Lato-Light.woff in Resources */,
				DF1E59911AE44F9A90802B34 /* Lato-Light.woff2 in Resources */,
				4DDDB470C1DC4A9C97B33B3E /* Lato-Medium.ttf in Resources */,
				2E450BBBC1C24C0992CE9643 /* Lato-Medium.woff in Resources */,
				02E34C892DBB40458CC24CDE /* Lato-Medium.woff2 in Resources */,
				7DB23ABBBD37473288B40946 /* Lato-Regular.ttf in Resources */,
				A5FB918528D04D728C9C8A86 /* Lato-Regular.woff in Resources */,
				AEBC9BDAB77B497FA3033BCE /* Lato-Regular.woff2 in Resources */,
				BBFD8A4593AE458D8DE55392 /* Lato-Semibold.ttf in Resources */,
				1BD7EAD219FB4DFF946A86FB /* Lato-Semibold.woff in Resources */,
				5140092F2E5C4804A00C17DD /* Lato-Semibold.woff2 in Resources */,
				3A2593F69425471F8E810165 /* Raleway-Bold.ttf in Resources */,
				711481095D8E4E6EB297AF5B /* Raleway-Medium.ttf in Resources */,
				482C9FBFD6C845AA997422B6 /* Raleway-VariableFont_wght.ttf in Resources */,
				1BA2EFF37CB2423490A1BE49 /* AveriaSansLibre-Bold.woff in Resources */,
				6B66FF176B2F489F9E87CE2B /* AveriaSansLibre-Bold.woff2 in Resources */,
				4268F6A57D4740868038744B /* AveriaSansLibre-Light.woff in Resources */,
				2609FC0ED6A243FA8469176F /* AveriaSansLibre-Light.woff2 in Resources */,
				DFC79D32D3074EBC843BE0C0 /* AveriaSansLibre-Regular.woff in Resources */,
				2E815E7F42C545FA971EE962 /* AveriaSansLibre-Regular.woff2 in Resources */,
			);
			runOnlyForDeploymentPostprocessing = 0;
		};
/* End PBXResourcesBuildPhase section */

/* Begin PBXShellScriptBuildPhase section */
		00DD1BFF1BD5951E006B06BC /* Bundle React Native code and images */ = {
			isa = PBXShellScriptBuildPhase;
			buildActionMask = 2147483647;
			files = (
			);
			inputPaths = (
			);
			name = "Bundle React Native code and images";
			outputPaths = (
			);
			runOnlyForDeploymentPostprocessing = 0;
			shellPath = /bin/sh;
			shellScript = "set -e\n\nexport NODE_BINARY=node\n../node_modules/react-native/scripts/react-native-xcode.sh\n";
		};
		5644A6CA5883E20C5D8D2B5E /* [CP] Check Pods Manifest.lock */ = {
			isa = PBXShellScriptBuildPhase;
			buildActionMask = 2147483647;
			files = (
			);
			inputFileListPaths = (
			);
			inputPaths = (
				"${PODS_PODFILE_DIR_PATH}/Podfile.lock",
				"${PODS_ROOT}/Manifest.lock",
			);
			name = "[CP] Check Pods Manifest.lock";
			outputFileListPaths = (
			);
			outputPaths = (
				"$(DERIVED_FILE_DIR)/Pods-hackerkid-hackerkidTests-checkManifestLockResult.txt",
			);
			runOnlyForDeploymentPostprocessing = 0;
			shellPath = /bin/sh;
			shellScript = "diff \"${PODS_PODFILE_DIR_PATH}/Podfile.lock\" \"${PODS_ROOT}/Manifest.lock\" > /dev/null\nif [ $? != 0 ] ; then\n    # print error to STDERR\n    echo \"error: The sandbox is not in sync with the Podfile.lock. Run 'pod install' or update your CocoaPods installation.\" >&2\n    exit 1\nfi\n# This output is used by Xcode 'outputs' to avoid re-running this script phase.\necho \"SUCCESS\" > \"${SCRIPT_OUTPUT_FILE_0}\"\n";
			showEnvVarsInLog = 0;
		};
		58C680FD29336E3185862690 /* [CP] Copy Pods Resources */ = {
			isa = PBXShellScriptBuildPhase;
			buildActionMask = 2147483647;
			files = (
			);
			inputFileListPaths = (
				"${PODS_ROOT}/Target Support Files/Pods-hackerkid/Pods-hackerkid-resources-${CONFIGURATION}-input-files.xcfilelist",
			);
			name = "[CP] Copy Pods Resources";
			outputFileListPaths = (
				"${PODS_ROOT}/Target Support Files/Pods-hackerkid/Pods-hackerkid-resources-${CONFIGURATION}-output-files.xcfilelist",
			);
			runOnlyForDeploymentPostprocessing = 0;
			shellPath = /bin/sh;
			shellScript = "\"${PODS_ROOT}/Target Support Files/Pods-hackerkid/Pods-hackerkid-resources.sh\"\n";
			showEnvVarsInLog = 0;
		};
		79E3FE580B5364A945128A0E /* [CP] Check Pods Manifest.lock */ = {
			isa = PBXShellScriptBuildPhase;
			buildActionMask = 2147483647;
			files = (
			);
			inputFileListPaths = (
			);
			inputPaths = (
				"${PODS_PODFILE_DIR_PATH}/Podfile.lock",
				"${PODS_ROOT}/Manifest.lock",
			);
			name = "[CP] Check Pods Manifest.lock";
			outputFileListPaths = (
			);
			outputPaths = (
				"$(DERIVED_FILE_DIR)/Pods-hackerkid-checkManifestLockResult.txt",
			);
			runOnlyForDeploymentPostprocessing = 0;
			shellPath = /bin/sh;
			shellScript = "diff \"${PODS_PODFILE_DIR_PATH}/Podfile.lock\" \"${PODS_ROOT}/Manifest.lock\" > /dev/null\nif [ $? != 0 ] ; then\n    # print error to STDERR\n    echo \"error: The sandbox is not in sync with the Podfile.lock. Run 'pod install' or update your CocoaPods installation.\" >&2\n    exit 1\nfi\n# This output is used by Xcode 'outputs' to avoid re-running this script phase.\necho \"SUCCESS\" > \"${SCRIPT_OUTPUT_FILE_0}\"\n";
			showEnvVarsInLog = 0;
		};
		99BFCE93A1DE1141F1D482E5 /* [CP] Embed Pods Frameworks */ = {
			isa = PBXShellScriptBuildPhase;
			buildActionMask = 2147483647;
			files = (
			);
			inputFileListPaths = (
				"${PODS_ROOT}/Target Support Files/Pods-hackerkid-hackerkidTests/Pods-hackerkid-hackerkidTests-frameworks-${CONFIGURATION}-input-files.xcfilelist",
			);
			name = "[CP] Embed Pods Frameworks";
			outputFileListPaths = (
				"${PODS_ROOT}/Target Support Files/Pods-hackerkid-hackerkidTests/Pods-hackerkid-hackerkidTests-frameworks-${CONFIGURATION}-output-files.xcfilelist",
			);
			runOnlyForDeploymentPostprocessing = 0;
			shellPath = /bin/sh;
			shellScript = "\"${PODS_ROOT}/Target Support Files/Pods-hackerkid-hackerkidTests/Pods-hackerkid-hackerkidTests-frameworks.sh\"\n";
			showEnvVarsInLog = 0;
		};
		C7DD5A09215A223C5CCB951F /* [CP] Embed Pods Frameworks */ = {
			isa = PBXShellScriptBuildPhase;
			buildActionMask = 2147483647;
			files = (
			);
			inputFileListPaths = (
				"${PODS_ROOT}/Target Support Files/Pods-hackerkid/Pods-hackerkid-frameworks-${CONFIGURATION}-input-files.xcfilelist",
			);
			name = "[CP] Embed Pods Frameworks";
			outputFileListPaths = (
				"${PODS_ROOT}/Target Support Files/Pods-hackerkid/Pods-hackerkid-frameworks-${CONFIGURATION}-output-files.xcfilelist",
			);
			runOnlyForDeploymentPostprocessing = 0;
			shellPath = /bin/sh;
			shellScript = "\"${PODS_ROOT}/Target Support Files/Pods-hackerkid/Pods-hackerkid-frameworks.sh\"\n";
			showEnvVarsInLog = 0;
		};
		FAF8A2E03F8154E5909AC2EF /* [CP] Copy Pods Resources */ = {
			isa = PBXShellScriptBuildPhase;
			buildActionMask = 2147483647;
			files = (
			);
			inputFileListPaths = (
				"${PODS_ROOT}/Target Support Files/Pods-hackerkid-hackerkidTests/Pods-hackerkid-hackerkidTests-resources-${CONFIGURATION}-input-files.xcfilelist",
			);
			name = "[CP] Copy Pods Resources";
			outputFileListPaths = (
				"${PODS_ROOT}/Target Support Files/Pods-hackerkid-hackerkidTests/Pods-hackerkid-hackerkidTests-resources-${CONFIGURATION}-output-files.xcfilelist",
			);
			runOnlyForDeploymentPostprocessing = 0;
			shellPath = /bin/sh;
			shellScript = "\"${PODS_ROOT}/Target Support Files/Pods-hackerkid-hackerkidTests/Pods-hackerkid-hackerkidTests-resources.sh\"\n";
			showEnvVarsInLog = 0;
		};
		FD10A7F022414F080027D42C /* Start Packager */ = {
			isa = PBXShellScriptBuildPhase;
			buildActionMask = 2147483647;
			files = (
			);
			inputFileListPaths = (
			);
			inputPaths = (
			);
			name = "Start Packager";
			outputFileListPaths = (
			);
			outputPaths = (
			);
			runOnlyForDeploymentPostprocessing = 0;
			shellPath = /bin/sh;
			shellScript = "export RCT_METRO_PORT=\"${RCT_METRO_PORT:=8081}\"\necho \"export RCT_METRO_PORT=${RCT_METRO_PORT}\" > \"${SRCROOT}/../node_modules/react-native/scripts/.packager.env\"\nif [ -z \"${RCT_NO_LAUNCH_PACKAGER+xxx}\" ] ; then\n  if nc -w 5 -z localhost ${RCT_METRO_PORT} ; then\n    if ! curl -s \"http://localhost:${RCT_METRO_PORT}/status\" | grep -q \"packager-status:running\" ; then\n      echo \"Port ${RCT_METRO_PORT} already in use, packager is either not running or not running correctly\"\n      exit 2\n    fi\n  else\n    open \"$SRCROOT/../node_modules/react-native/scripts/launchPackager.command\" || echo \"Can't start packager automatically\"\n  fi\nfi\n";
			showEnvVarsInLog = 0;
		};
/* End PBXShellScriptBuildPhase section */

/* Begin PBXSourcesBuildPhase section */
		00E356EA1AD99517003FC87E /* Sources */ = {
			isa = PBXSourcesBuildPhase;
			buildActionMask = 2147483647;
			files = (
				00E356F31AD99517003FC87E /* hackerkidTests.m in Sources */,
			);
			runOnlyForDeploymentPostprocessing = 0;
		};
		13B07F871A680F5B00A75B9A /* Sources */ = {
			isa = PBXSourcesBuildPhase;
			buildActionMask = 2147483647;
			files = (
				13B07FBC1A68108700A75B9A /* AppDelegate.m in Sources */,
				13B07FC11A68108700A75B9A /* main.m in Sources */,
			);
			runOnlyForDeploymentPostprocessing = 0;
		};
/* End PBXSourcesBuildPhase section */

/* Begin PBXTargetDependency section */
		00E356F51AD99517003FC87E /* PBXTargetDependency */ = {
			isa = PBXTargetDependency;
			target = 13B07F861A680F5B00A75B9A /* hackerkid */;
			targetProxy = 00E356F41AD99517003FC87E /* PBXContainerItemProxy */;
		};
/* End PBXTargetDependency section */

/* Begin XCBuildConfiguration section */
		00E356F61AD99517003FC87E /* Debug */ = {
			isa = XCBuildConfiguration;
			baseConfigurationReference = 79CD5D17B760C868C7174FE6 /* Pods-hackerkid-hackerkidTests.debug.xcconfig */;
			buildSettings = {
				BUNDLE_LOADER = "$(TEST_HOST)";
				GCC_PREPROCESSOR_DEFINITIONS = (
					"DEBUG=1",
					"$(inherited)",
				);
				INFOPLIST_FILE = hackerkidTests/Info.plist;
				IPHONEOS_DEPLOYMENT_TARGET = 11.0;
				LD_RUNPATH_SEARCH_PATHS = (
					"$(inherited)",
					"@executable_path/Frameworks",
					"@loader_path/Frameworks",
				);
				OTHER_LDFLAGS = (
					"-ObjC",
					"-lc++",
					"$(inherited)",
				);
				PRODUCT_BUNDLE_IDENTIFIER = "org.reactjs.native.example.$(PRODUCT_NAME:rfc1034identifier)";
				PRODUCT_NAME = "$(TARGET_NAME)";
				TEST_HOST = "$(BUILT_PRODUCTS_DIR)/hackerkid.app/hackerkid";
			};
			name = Debug;
		};
		00E356F71AD99517003FC87E /* Release */ = {
			isa = XCBuildConfiguration;
			baseConfigurationReference = EAFC168BBAB5D40FAF44BB33 /* Pods-hackerkid-hackerkidTests.release.xcconfig */;
			buildSettings = {
				BUNDLE_LOADER = "$(TEST_HOST)";
				COPY_PHASE_STRIP = NO;
				INFOPLIST_FILE = hackerkidTests/Info.plist;
				IPHONEOS_DEPLOYMENT_TARGET = 11.0;
				LD_RUNPATH_SEARCH_PATHS = (
					"$(inherited)",
					"@executable_path/Frameworks",
					"@loader_path/Frameworks",
				);
				OTHER_LDFLAGS = (
					"-ObjC",
					"-lc++",
					"$(inherited)",
				);
				PRODUCT_BUNDLE_IDENTIFIER = "org.reactjs.native.example.$(PRODUCT_NAME:rfc1034identifier)";
				PRODUCT_NAME = "$(TARGET_NAME)";
				TEST_HOST = "$(BUILT_PRODUCTS_DIR)/hackerkid.app/hackerkid";
			};
			name = Release;
		};
		13B07F941A680F5B00A75B9A /* Debug */ = {
			isa = XCBuildConfiguration;
			baseConfigurationReference = B965992F624DEF6B067835F1 /* Pods-hackerkid.debug.xcconfig */;
			buildSettings = {
				ASSETCATALOG_COMPILER_APPICON_NAME = AppIcon;
				CLANG_ENABLE_MODULES = YES;
				CURRENT_PROJECT_VERSION = 1;
				ENABLE_BITCODE = NO;
				INFOPLIST_FILE = hackerkid/Info.plist;
				LD_RUNPATH_SEARCH_PATHS = (
					"$(inherited)",
					"@executable_path/Frameworks",
				);
				OTHER_LDFLAGS = (
					"$(inherited)",
					"-ObjC",
					"-lc++",
				);
				PRODUCT_BUNDLE_IDENTIFIER = "org.reactjs.native.example.$(PRODUCT_NAME:rfc1034identifier)";
				PRODUCT_NAME = hackerkid;
				SWIFT_OPTIMIZATION_LEVEL = "-Onone";
				SWIFT_VERSION = 5.0;
				VERSIONING_SYSTEM = "apple-generic";
			};
			name = Debug;
		};
		13B07F951A680F5B00A75B9A /* Release */ = {
			isa = XCBuildConfiguration;
			baseConfigurationReference = 06B4132D68D8133AE2703BED /* Pods-hackerkid.release.xcconfig */;
			buildSettings = {
				ASSETCATALOG_COMPILER_APPICON_NAME = AppIcon;
				CLANG_ENABLE_MODULES = YES;
				CURRENT_PROJECT_VERSION = 1;
				INFOPLIST_FILE = hackerkid/Info.plist;
				LD_RUNPATH_SEARCH_PATHS = (
					"$(inherited)",
					"@executable_path/Frameworks",
				);
				OTHER_LDFLAGS = (
					"$(inherited)",
					"-ObjC",
					"-lc++",
				);
				PRODUCT_BUNDLE_IDENTIFIER = "org.reactjs.native.example.$(PRODUCT_NAME:rfc1034identifier)";
				PRODUCT_NAME = hackerkid;
				SWIFT_VERSION = 5.0;
				VERSIONING_SYSTEM = "apple-generic";
			};
			name = Release;
		};
		83CBBA201A601CBA00E9B192 /* Debug */ = {
			isa = XCBuildConfiguration;
			buildSettings = {
				ALWAYS_SEARCH_USER_PATHS = NO;
				CLANG_ANALYZER_LOCALIZABILITY_NONLOCALIZED = YES;
				CLANG_CXX_LANGUAGE_STANDARD = "gnu++0x";
				CLANG_CXX_LIBRARY = "libc++";
				CLANG_ENABLE_MODULES = YES;
				CLANG_ENABLE_OBJC_ARC = YES;
				CLANG_WARN_BLOCK_CAPTURE_AUTORELEASING = YES;
				CLANG_WARN_BOOL_CONVERSION = YES;
				CLANG_WARN_COMMA = YES;
				CLANG_WARN_CONSTANT_CONVERSION = YES;
				CLANG_WARN_DEPRECATED_OBJC_IMPLEMENTATIONS = YES;
				CLANG_WARN_DIRECT_OBJC_ISA_USAGE = YES_ERROR;
				CLANG_WARN_EMPTY_BODY = YES;
				CLANG_WARN_ENUM_CONVERSION = YES;
				CLANG_WARN_INFINITE_RECURSION = YES;
				CLANG_WARN_INT_CONVERSION = YES;
				CLANG_WARN_NON_LITERAL_NULL_CONVERSION = YES;
				CLANG_WARN_OBJC_IMPLICIT_RETAIN_SELF = YES;
				CLANG_WARN_OBJC_LITERAL_CONVERSION = YES;
				CLANG_WARN_OBJC_ROOT_CLASS = YES_ERROR;
				CLANG_WARN_QUOTED_INCLUDE_IN_FRAMEWORK_HEADER = YES;
				CLANG_WARN_RANGE_LOOP_ANALYSIS = YES;
				CLANG_WARN_STRICT_PROTOTYPES = YES;
				CLANG_WARN_SUSPICIOUS_MOVE = YES;
				CLANG_WARN_UNREACHABLE_CODE = YES;
				CLANG_WARN__DUPLICATE_METHOD_MATCH = YES;
				"CODE_SIGN_IDENTITY[sdk=iphoneos*]" = "iPhone Developer";
				COPY_PHASE_STRIP = NO;
				ENABLE_STRICT_OBJC_MSGSEND = YES;
				ENABLE_TESTABILITY = YES;
				"EXCLUDED_ARCHS[sdk=iphonesimulator*]" = "";
				GCC_C_LANGUAGE_STANDARD = gnu99;
				GCC_DYNAMIC_NO_PIC = NO;
				GCC_NO_COMMON_BLOCKS = YES;
				GCC_OPTIMIZATION_LEVEL = 0;
				GCC_PREPROCESSOR_DEFINITIONS = (
					"DEBUG=1",
					"$(inherited)",
				);
				GCC_SYMBOLS_PRIVATE_EXTERN = NO;
				GCC_WARN_64_TO_32_BIT_CONVERSION = YES;
				GCC_WARN_ABOUT_RETURN_TYPE = YES_ERROR;
				GCC_WARN_UNDECLARED_SELECTOR = YES;
				GCC_WARN_UNINITIALIZED_AUTOS = YES_AGGRESSIVE;
				GCC_WARN_UNUSED_FUNCTION = YES;
				GCC_WARN_UNUSED_VARIABLE = YES;
				IPHONEOS_DEPLOYMENT_TARGET = 11.0;
				LD_RUNPATH_SEARCH_PATHS = (
					/usr/lib/swift,
					"$(inherited)",
				);
				LIBRARY_SEARCH_PATHS = (
					"\"$(SDKROOT)/usr/lib/swift\"",
					"\"$(TOOLCHAIN_DIR)/usr/lib/swift/$(PLATFORM_NAME)\"",
					"\"$(inherited)\"",
				);
				MTL_ENABLE_DEBUG_INFO = YES;
				ONLY_ACTIVE_ARCH = YES;
				SDKROOT = iphoneos;
			};
			name = Debug;
		};
		83CBBA211A601CBA00E9B192 /* Release */ = {
			isa = XCBuildConfiguration;
			buildSettings = {
				ALWAYS_SEARCH_USER_PATHS = NO;
				CLANG_ANALYZER_LOCALIZABILITY_NONLOCALIZED = YES;
				CLANG_CXX_LANGUAGE_STANDARD = "gnu++0x";
				CLANG_CXX_LIBRARY = "libc++";
				CLANG_ENABLE_MODULES = YES;
				CLANG_ENABLE_OBJC_ARC = YES;
				CLANG_WARN_BLOCK_CAPTURE_AUTORELEASING = YES;
				CLANG_WARN_BOOL_CONVERSION = YES;
				CLANG_WARN_COMMA = YES;
				CLANG_WARN_CONSTANT_CONVERSION = YES;
				CLANG_WARN_DEPRECATED_OBJC_IMPLEMENTATIONS = YES;
				CLANG_WARN_DIRECT_OBJC_ISA_USAGE = YES_ERROR;
				CLANG_WARN_EMPTY_BODY = YES;
				CLANG_WARN_ENUM_CONVERSION = YES;
				CLANG_WARN_INFINITE_RECURSION = YES;
				CLANG_WARN_INT_CONVERSION = YES;
				CLANG_WARN_NON_LITERAL_NULL_CONVERSION = YES;
				CLANG_WARN_OBJC_IMPLICIT_RETAIN_SELF = YES;
				CLANG_WARN_OBJC_LITERAL_CONVERSION = YES;
				CLANG_WARN_OBJC_ROOT_CLASS = YES_ERROR;
				CLANG_WARN_QUOTED_INCLUDE_IN_FRAMEWORK_HEADER = YES;
				CLANG_WARN_RANGE_LOOP_ANALYSIS = YES;
				CLANG_WARN_STRICT_PROTOTYPES = YES;
				CLANG_WARN_SUSPICIOUS_MOVE = YES;
				CLANG_WARN_UNREACHABLE_CODE = YES;
				CLANG_WARN__DUPLICATE_METHOD_MATCH = YES;
				"CODE_SIGN_IDENTITY[sdk=iphoneos*]" = "iPhone Developer";
				COPY_PHASE_STRIP = YES;
				ENABLE_NS_ASSERTIONS = NO;
				ENABLE_STRICT_OBJC_MSGSEND = YES;
				"EXCLUDED_ARCHS[sdk=iphonesimulator*]" = "";
				GCC_C_LANGUAGE_STANDARD = gnu99;
				GCC_NO_COMMON_BLOCKS = YES;
				GCC_WARN_64_TO_32_BIT_CONVERSION = YES;
				GCC_WARN_ABOUT_RETURN_TYPE = YES_ERROR;
				GCC_WARN_UNDECLARED_SELECTOR = YES;
				GCC_WARN_UNINITIALIZED_AUTOS = YES_AGGRESSIVE;
				GCC_WARN_UNUSED_FUNCTION = YES;
				GCC_WARN_UNUSED_VARIABLE = YES;
				IPHONEOS_DEPLOYMENT_TARGET = 11.0;
				LD_RUNPATH_SEARCH_PATHS = (
					/usr/lib/swift,
					"$(inherited)",
				);
				LIBRARY_SEARCH_PATHS = (
					"\"$(SDKROOT)/usr/lib/swift\"",
					"\"$(TOOLCHAIN_DIR)/usr/lib/swift/$(PLATFORM_NAME)\"",
					"\"$(inherited)\"",
				);
				MTL_ENABLE_DEBUG_INFO = NO;
				SDKROOT = iphoneos;
				VALIDATE_PRODUCT = YES;
			};
			name = Release;
		};
/* End XCBuildConfiguration section */

/* Begin XCConfigurationList section */
		00E357021AD99517003FC87E /* Build configuration list for PBXNativeTarget "hackerkidTests" */ = {
			isa = XCConfigurationList;
			buildConfigurations = (
				00E356F61AD99517003FC87E /* Debug */,
				00E356F71AD99517003FC87E /* Release */,
			);
			defaultConfigurationIsVisible = 0;
			defaultConfigurationName = Release;
		};
		13B07F931A680F5B00A75B9A /* Build configuration list for PBXNativeTarget "hackerkid" */ = {
			isa = XCConfigurationList;
			buildConfigurations = (
				13B07F941A680F5B00A75B9A /* Debug */,
				13B07F951A680F5B00A75B9A /* Release */,
			);
			defaultConfigurationIsVisible = 0;
			defaultConfigurationName = Release;
		};
		83CBB9FA1A601CBA00E9B192 /* Build configuration list for PBXProject "hackerkid" */ = {
			isa = XCConfigurationList;
			buildConfigurations = (
				83CBBA201A601CBA00E9B192 /* Debug */,
				83CBBA211A601CBA00E9B192 /* Release */,
			);
			defaultConfigurationIsVisible = 0;
			defaultConfigurationName = Release;
		};
/* End XCConfigurationList section */
	};
	rootObject = 83CBB9F71A601CBA00E9B192 /* Project object */;
}
